
Microsoft Visual Studio Solution File, Format Version 12.00
# Visual Studio 2017
Project("{FAE04EC0-301F-11D3-BF4B-00C04F79EFBC}") = "AR v VR", "AR v VR.csproj", "{51A53186-D299-AE0F-F472-21A8996E1407}"
EndProject
Project("{FAE04EC0-301F-11D3-BF4B-00C04F79EFBC}") = "AR v VR.Editor", "AR v VR.Editor.csproj", "{E7357F57-2C0F-1D9B-D753-A62D733D0D12}"
EndProject
Global
	GlobalSection(SolutionConfigurationPlatforms) = preSolution
		Debug|Any CPU = Debug|Any CPU
		Release|Any CPU = Release|Any CPU
	EndGlobalSection
	GlobalSection(ProjectConfigurationPlatforms) = postSolution
		{51A53186-D299-AE0F-F472-21A8996E1407}.Debug|Any CPU.ActiveCfg = Debug|Any CPU
		{51A53186-D299-AE0F-F472-21A8996E1407}.Debug|Any CPU.Build.0 = Debug|Any CPU
		{51A53186-D299-AE0F-F472-21A8996E1407}.Release|Any CPU.ActiveCfg = Release|Any CPU
		{51A53186-D299-AE0F-F472-21A8996E1407}.Release|Any CPU.Build.0 = Release|Any CPU
		{E7357F57-2C0F-1D9B-D753-A62D733D0D12}.Debug|Any CPU.ActiveCfg = Debug|Any CPU
		{E7357F57-2C0F-1D9B-D753-A62D733D0D12}.Debug|Any CPU.Build.0 = Debug|Any CPU
		{E7357F57-2C0F-1D9B-D753-A62D733D0D12}.Release|Any CPU.ActiveCfg = Release|Any CPU
		{E7357F57-2C0F-1D9B-D753-A62D733D0D12}.Release|Any CPU.Build.0 = Release|Any CPU
	EndGlobalSection
	GlobalSection(SolutionProperties) = preSolution
		HideSolutionNode = FALSE
	EndGlobalSection
EndGlobal
